
Microsoft Visual Studio Solution File, Format Version 12.00
# Visual Studio 15
Project("{FAE04EC0-301F-11D3-BF4B-00C04F79EFBC}") = "AR_Storybook", "Assembly-CSharp.csproj", "{5EEB28B9-DE96-DCFC-4EA9-30DA33C1BCAE}"
EndProject
Project("{FAE04EC0-301F-11D3-BF4B-00C04F79EFBC}") = "AR_Storybook", "NavMeshComponents.csproj", "{BA35FD79-5997-9134-C87F-FE04EEDCCA53}"
EndProject
Project("{FAE04EC0-301F-11D3-BF4B-00C04F79EFBC}") = "AR_Storybook", "Assembly-CSharp-Editor.csproj", "{76AC977B-C88B-E736-3AF4-8E758812E862}"
EndProject
Project("{FAE04EC0-301F-11D3-BF4B-00C04F79EFBC}") = "AR_Storybook", "NavMeshComponentsEditor.csproj", "{D00C01B9-586C-1303-800B-4629125EB297}"
EndProject
Global
	GlobalSection(SolutionConfigurationPlatforms) = preSolution
		Debug|Any CPU = Debug|Any CPU
		Release|Any CPU = Release|Any CPU
	EndGlobalSection
	GlobalSection(ProjectConfigurationPlatforms) = postSolution
		{5EEB28B9-DE96-DCFC-4EA9-30DA33C1BCAE}.Debug|Any CPU.ActiveCfg = Debug|Any CPU
		{5EEB28B9-DE96-DCFC-4EA9-30DA33C1BCAE}.Debug|Any CPU.Build.0 = Debug|Any CPU
		{5EEB28B9-DE96-DCFC-4EA9-30DA33C1BCAE}.Release|Any CPU.ActiveCfg = Release|Any CPU
		{5EEB28B9-DE96-DCFC-4EA9-30DA33C1BCAE}.Release|Any CPU.Build.0 = Release|Any CPU
		{BA35FD79-5997-9134-C87F-FE04EEDCCA53}.Debug|Any CPU.ActiveCfg = Debug|Any CPU
		{BA35FD79-5997-9134-C87F-FE04EEDCCA53}.Debug|Any CPU.Build.0 = Debug|Any CPU
		{BA35FD79-5997-9134-C87F-FE04EEDCCA53}.Release|Any CPU.ActiveCfg = Release|Any CPU
		{BA35FD79-5997-9134-C87F-FE04EEDCCA53}.Release|Any CPU.Build.0 = Release|Any CPU
		{76AC977B-C88B-E736-3AF4-8E758812E862}.Debug|Any CPU.ActiveCfg = Debug|Any CPU
		{76AC977B-C88B-E736-3AF4-8E758812E862}.Debug|Any CPU.Build.0 = Debug|Any CPU
		{76AC977B-C88B-E736-3AF4-8E758812E862}.Release|Any CPU.ActiveCfg = Release|Any CPU
		{76AC977B-C88B-E736-3AF4-8E758812E862}.Release|Any CPU.Build.0 = Release|Any CPU
		{D00C01B9-586C-1303-800B-4629125EB297}.Debug|Any CPU.ActiveCfg = Debug|Any CPU
		{D00C01B9-586C-1303-800B-4629125EB297}.Debug|Any CPU.Build.0 = Debug|Any CPU
		{D00C01B9-586C-1303-800B-4629125EB297}.Release|Any CPU.ActiveCfg = Release|Any CPU
		{D00C01B9-586C-1303-800B-4629125EB297}.Release|Any CPU.Build.0 = Release|Any CPU
	EndGlobalSection
	GlobalSection(SolutionProperties) = preSolution
		HideSolutionNode = FALSE
	EndGlobalSection
EndGlobal
